
Microsoft Visual Studio Solution File, Format Version 12.00
# Visual Studio Version 17
VisualStudioVersion = 17.1.32228.430
MinimumVisualStudioVersion = 10.0.40219.1
Project("{FAE04EC0-301F-11D3-BF4B-00C04F79EFBC}") = "MyVetAppointment", "MyVetAppointment.csproj", "{C1A1CA38-7862-408A-917C-09A0E3364567}"
EndProject
Global
	GlobalSection(SolutionConfigurationPlatforms) = preSolution
		Debug|Any CPU = Debug|Any CPU
		Release|Any CPU = Release|Any CPU
	EndGlobalSection
	GlobalSection(ProjectConfigurationPlatforms) = postSolution
		{C1A1CA38-7862-408A-917C-09A0E3364567}.Debug|Any CPU.ActiveCfg = Debug|Any CPU
		{C1A1CA38-7862-408A-917C-09A0E3364567}.Debug|Any CPU.Build.0 = Debug|Any CPU
		{C1A1CA38-7862-408A-917C-09A0E3364567}.Release|Any CPU.ActiveCfg = Release|Any CPU
		{C1A1CA38-7862-408A-917C-09A0E3364567}.Release|Any CPU.Build.0 = Release|Any CPU
	EndGlobalSection
	GlobalSection(SolutionProperties) = preSolution
		HideSolutionNode = FALSE
	EndGlobalSection
	GlobalSection(ExtensibilityGlobals) = postSolution
		SolutionGuid = {56652150-73C7-43FE-9906-C13306A1AE39}
	EndGlobalSection
EndGlobal
